// !$*UTF8*$!
{
	archiveVersion = 1;
	classes = {
	};
	objectVersion = 50;
	objects = {

/* Begin PBXBuildFile section */
		02287FBE247BEC4200C7C530 /* HistoryLive.swift in Sources */ = {isa = PBXBuildFile; fileRef = 02287FBD247BEC4200C7C530 /* HistoryLive.swift */; };
		0270B11F246C2F5700A6AE1C /* ProfilView.swift in Sources */ = {isa = PBXBuildFile; fileRef = 0270B11E246C2F5700A6AE1C /* ProfilView.swift */; };
		02C759C3247D09BA00D80210 /* SceneDelegate.swift in Sources */ = {isa = PBXBuildFile; fileRef = 5C94F8382464320B001185F1 /* SceneDelegate.swift */; };
		02C759C5247D0A6C00D80210 /* AppDelegate.swift in Sources */ = {isa = PBXBuildFile; fileRef = 02C759C4247D0A6B00D80210 /* AppDelegate.swift */; };
		5C94F83E2464320B001185F1 /* ContentView.swift in Sources */ = {isa = PBXBuildFile; fileRef = 5C94F83D2464320B001185F1 /* ContentView.swift */; };
		5C94F8402464320C001185F1 /* Assets.xcassets in Resources */ = {isa = PBXBuildFile; fileRef = 5C94F83F2464320C001185F1 /* Assets.xcassets */; };
		5C94F8432464320C001185F1 /* Preview Assets.xcassets in Resources */ = {isa = PBXBuildFile; fileRef = 5C94F8422464320C001185F1 /* Preview Assets.xcassets */; };
		5C94F8462464320C001185F1 /* LaunchScreen.storyboard in Resources */ = {isa = PBXBuildFile; fileRef = 5C94F8442464320C001185F1 /* LaunchScreen.storyboard */; };
		5C94F8512464320C001185F1 /* Su_naTests.swift in Sources */ = {isa = PBXBuildFile; fileRef = 5C94F8502464320C001185F1 /* Su_naTests.swift */; };
		5C94F85C2464320C001185F1 /* Su_naUITests.swift in Sources */ = {isa = PBXBuildFile; fileRef = 5C94F85B2464320C001185F1 /* Su_naUITests.swift */; };
		5CDA2BF1247D326700A40356 /* ChoiceBilan.swift in Sources */ = {isa = PBXBuildFile; fileRef = 5CDA2BED247D326700A40356 /* ChoiceBilan.swift */; };
		5CDA2BF2247D326700A40356 /* SimpleButton.swift in Sources */ = {isa = PBXBuildFile; fileRef = 5CDA2BEE247D326700A40356 /* SimpleButton.swift */; };
		5CDA2BF3247D326700A40356 /* ChoicesBilan.swift in Sources */ = {isa = PBXBuildFile; fileRef = 5CDA2BEF247D326700A40356 /* ChoicesBilan.swift */; };
		5CDA2BF4247D326700A40356 /* Bilan.swift in Sources */ = {isa = PBXBuildFile; fileRef = 5CDA2BF0247D326700A40356 /* Bilan.swift */; };
		6F29B452247D922900412327 /* ListConseilsAlimentation.swift in Sources */ = {isa = PBXBuildFile; fileRef = 6F29B451247D922900412327 /* ListConseilsAlimentation.swift */; };
		6F29B454247D92C700412327 /* ListeConseilsStress.swift in Sources */ = {isa = PBXBuildFile; fileRef = 6F29B453247D92C700412327 /* ListeConseilsStress.swift */; };
		6F29B456247D930F00412327 /* ListConseilsSport.swift in Sources */ = {isa = PBXBuildFile; fileRef = 6F29B455247D930F00412327 /* ListConseilsSport.swift */; };
		6F44668C247E4EBA00A0D20B /* TabBar.swift in Sources */ = {isa = PBXBuildFile; fileRef = 6FF585D824694D4C00B2ABB3 /* TabBar.swift */; };
		6F4D0F1B247C13FF00EF4228 /* MainPageObjectifs.swift in Sources */ = {isa = PBXBuildFile; fileRef = 6F4D0F1A247C13FF00EF4228 /* MainPageObjectifs.swift */; };
		6F4D0F1D247C142800EF4228 /* ObjectifsDetails.swift in Sources */ = {isa = PBXBuildFile; fileRef = 6F4D0F1C247C142800EF4228 /* ObjectifsDetails.swift */; };
		6F4D0F21247C145100EF4228 /* HorizontalScrollDays.swift in Sources */ = {isa = PBXBuildFile; fileRef = 6F4D0F20247C145100EF4228 /* HorizontalScrollDays.swift */; };
		6F4D0F26247C185B00EF4228 /* MainPageConseils.swift in Sources */ = {isa = PBXBuildFile; fileRef = 6F4D0F22247C185A00EF4228 /* MainPageConseils.swift */; };
		6F4D0F27247C185B00EF4228 /* FiltresViewConseils.swift in Sources */ = {isa = PBXBuildFile; fileRef = 6F4D0F23247C185B00EF4228 /* FiltresViewConseils.swift */; };
		6F4D0F28247C185B00EF4228 /* DetailRespirationView.swift in Sources */ = {isa = PBXBuildFile; fileRef = 6F4D0F24247C185B00EF4228 /* DetailRespirationView.swift */; };
		6F4D0F29247C185B00EF4228 /* DetailBreadView.swift in Sources */ = {isa = PBXBuildFile; fileRef = 6F4D0F25247C185B00EF4228 /* DetailBreadView.swift */; };
		8D0884C8246B428A0030DD9A /* Logoplayer.swift in Sources */ = {isa = PBXBuildFile; fileRef = 8D0884C7246B428A0030DD9A /* Logoplayer.swift */; };
		8D0884CA246B50C30030DD9A /* Triangle.swift in Sources */ = {isa = PBXBuildFile; fileRef = 8D0884C9246B50C30030DD9A /* Triangle.swift */; };
		8D0884CC246B58CB0030DD9A /* RoundedCorners.swift in Sources */ = {isa = PBXBuildFile; fileRef = 8D0884CB246B58CB0030DD9A /* RoundedCorners.swift */; };
		8D0884CE246B69120030DD9A /* GetVideoLive.swift in Sources */ = {isa = PBXBuildFile; fileRef = 8D0884CD246B69120030DD9A /* GetVideoLive.swift */; };
		8D0884D2246C0B970030DD9A /* GetVideoPassed.swift in Sources */ = {isa = PBXBuildFile; fileRef = 8D0884D1246C0B970030DD9A /* GetVideoPassed.swift */; };
		8D0884D9246C3FDB0030DD9A /* GridStack.swift in Sources */ = {isa = PBXBuildFile; fileRef = 8D0884D8246C3FDB0030DD9A /* GridStack.swift */; };
		8D0884DB246C41B80030DD9A /* VideopassedView.swift in Sources */ = {isa = PBXBuildFile; fileRef = 8D0884DA246C41B80030DD9A /* VideopassedView.swift */; };
		8D0884DD246C64CC0030DD9A /* videoPlanView.swift in Sources */ = {isa = PBXBuildFile; fileRef = 8D0884DC246C64CC0030DD9A /* videoPlanView.swift */; };
		8D0884E1246C9ED40030DD9A /* CreationPlayer.swift in Sources */ = {isa = PBXBuildFile; fileRef = 8D0884E0246C9ED40030DD9A /* CreationPlayer.swift */; };
		8D0884E3246CA4A90030DD9A /* VideoPlayerView.swift in Sources */ = {isa = PBXBuildFile; fileRef = 8D0884E2246CA4A90030DD9A /* VideoPlayerView.swift */; };
		8D3F564E2477DE41001BC4B2 /* CommentVideo.swift in Sources */ = {isa = PBXBuildFile; fileRef = 8D3F564D2477DE41001BC4B2 /* CommentVideo.swift */; };
		8D42763A246AA4110099D011 /* UrlVideo.swift in Sources */ = {isa = PBXBuildFile; fileRef = 8D427639246AA4110099D011 /* UrlVideo.swift */; };
		8D42763E246AE7570099D011 /* VideoView.swift in Sources */ = {isa = PBXBuildFile; fileRef = 8D42763D246AE7570099D011 /* VideoView.swift */; };
		8D427642246AEC1E0099D011 /* TitleCategories.swift in Sources */ = {isa = PBXBuildFile; fileRef = 8D427641246AEC1E0099D011 /* TitleCategories.swift */; };
		8D4635982478A3AB0077A8C3 /* Player.swift in Sources */ = {isa = PBXBuildFile; fileRef = 8D4635972478A3AB0077A8C3 /* Player.swift */; };
		8D55BDD32469908000026353 /* PageVideo.swift in Sources */ = {isa = PBXBuildFile; fileRef = 8D55BDD22469908000026353 /* PageVideo.swift */; };
/* End PBXBuildFile section */

/* Begin PBXContainerItemProxy section */
		5C94F84D2464320C001185F1 /* PBXContainerItemProxy */ = {
			isa = PBXContainerItemProxy;
			containerPortal = 5C94F82B2464320B001185F1 /* Project object */;
			proxyType = 1;
			remoteGlobalIDString = 5C94F8322464320B001185F1;
			remoteInfo = "Su-na";
		};
		5C94F8582464320C001185F1 /* PBXContainerItemProxy */ = {
			isa = PBXContainerItemProxy;
			containerPortal = 5C94F82B2464320B001185F1 /* Project object */;
			proxyType = 1;
			remoteGlobalIDString = 5C94F8322464320B001185F1;
			remoteInfo = "Su-na";
		};
/* End PBXContainerItemProxy section */

/* Begin PBXFileReference section */
		02287FBD247BEC4200C7C530 /* HistoryLive.swift */ = {isa = PBXFileReference; lastKnownFileType = sourcecode.swift; path = HistoryLive.swift; sourceTree = "<group>"; };
		0270B11E246C2F5700A6AE1C /* ProfilView.swift */ = {isa = PBXFileReference; lastKnownFileType = sourcecode.swift; path = ProfilView.swift; sourceTree = "<group>"; };
		02C759C4247D0A6B00D80210 /* AppDelegate.swift */ = {isa = PBXFileReference; fileEncoding = 4; lastKnownFileType = sourcecode.swift; path = AppDelegate.swift; sourceTree = "<group>"; };
		5C94F8332464320B001185F1 /* Su-na.app */ = {isa = PBXFileReference; explicitFileType = wrapper.application; includeInIndex = 0; path = "Su-na.app"; sourceTree = BUILT_PRODUCTS_DIR; };
		5C94F8382464320B001185F1 /* SceneDelegate.swift */ = {isa = PBXFileReference; lastKnownFileType = sourcecode.swift; path = SceneDelegate.swift; sourceTree = "<group>"; };
		5C94F83B2464320B001185F1 /* Su_na.xcdatamodel */ = {isa = PBXFileReference; lastKnownFileType = wrapper.xcdatamodel; path = Su_na.xcdatamodel; sourceTree = "<group>"; };
		5C94F83D2464320B001185F1 /* ContentView.swift */ = {isa = PBXFileReference; lastKnownFileType = sourcecode.swift; path = ContentView.swift; sourceTree = "<group>"; };
		5C94F83F2464320C001185F1 /* Assets.xcassets */ = {isa = PBXFileReference; lastKnownFileType = folder.assetcatalog; path = Assets.xcassets; sourceTree = "<group>"; };
		5C94F8422464320C001185F1 /* Preview Assets.xcassets */ = {isa = PBXFileReference; lastKnownFileType = folder.assetcatalog; path = "Preview Assets.xcassets"; sourceTree = "<group>"; };
		5C94F8452464320C001185F1 /* Base */ = {isa = PBXFileReference; lastKnownFileType = file.storyboard; name = Base; path = Base.lproj/LaunchScreen.storyboard; sourceTree = "<group>"; };
		5C94F8472464320C001185F1 /* Info.plist */ = {isa = PBXFileReference; lastKnownFileType = text.plist.xml; path = Info.plist; sourceTree = "<group>"; };
		5C94F84C2464320C001185F1 /* Su-naTests.xctest */ = {isa = PBXFileReference; explicitFileType = wrapper.cfbundle; includeInIndex = 0; path = "Su-naTests.xctest"; sourceTree = BUILT_PRODUCTS_DIR; };
		5C94F8502464320C001185F1 /* Su_naTests.swift */ = {isa = PBXFileReference; lastKnownFileType = sourcecode.swift; path = Su_naTests.swift; sourceTree = "<group>"; };
		5C94F8522464320C001185F1 /* Info.plist */ = {isa = PBXFileReference; lastKnownFileType = text.plist.xml; path = Info.plist; sourceTree = "<group>"; };
		5C94F8572464320C001185F1 /* Su-naUITests.xctest */ = {isa = PBXFileReference; explicitFileType = wrapper.cfbundle; includeInIndex = 0; path = "Su-naUITests.xctest"; sourceTree = BUILT_PRODUCTS_DIR; };
		5C94F85B2464320C001185F1 /* Su_naUITests.swift */ = {isa = PBXFileReference; lastKnownFileType = sourcecode.swift; path = Su_naUITests.swift; sourceTree = "<group>"; };
		5C94F85D2464320C001185F1 /* Info.plist */ = {isa = PBXFileReference; lastKnownFileType = text.plist.xml; path = Info.plist; sourceTree = "<group>"; };
		5CDA2BED247D326700A40356 /* ChoiceBilan.swift */ = {isa = PBXFileReference; fileEncoding = 4; lastKnownFileType = sourcecode.swift; path = ChoiceBilan.swift; sourceTree = "<group>"; };
		5CDA2BEE247D326700A40356 /* SimpleButton.swift */ = {isa = PBXFileReference; fileEncoding = 4; lastKnownFileType = sourcecode.swift; path = SimpleButton.swift; sourceTree = "<group>"; };
		5CDA2BEF247D326700A40356 /* ChoicesBilan.swift */ = {isa = PBXFileReference; fileEncoding = 4; lastKnownFileType = sourcecode.swift; path = ChoicesBilan.swift; sourceTree = "<group>"; };
		5CDA2BF0247D326700A40356 /* Bilan.swift */ = {isa = PBXFileReference; fileEncoding = 4; lastKnownFileType = sourcecode.swift; path = Bilan.swift; sourceTree = "<group>"; };
		6F29B451247D922900412327 /* ListConseilsAlimentation.swift */ = {isa = PBXFileReference; lastKnownFileType = sourcecode.swift; path = ListConseilsAlimentation.swift; sourceTree = "<group>"; };
		6F29B453247D92C700412327 /* ListeConseilsStress.swift */ = {isa = PBXFileReference; lastKnownFileType = sourcecode.swift; path = ListeConseilsStress.swift; sourceTree = "<group>"; };
		6F29B455247D930F00412327 /* ListConseilsSport.swift */ = {isa = PBXFileReference; lastKnownFileType = sourcecode.swift; path = ListConseilsSport.swift; sourceTree = "<group>"; };
		6F4D0F1A247C13FF00EF4228 /* MainPageObjectifs.swift */ = {isa = PBXFileReference; fileEncoding = 4; lastKnownFileType = sourcecode.swift; path = MainPageObjectifs.swift; sourceTree = "<group>"; };
		6F4D0F1C247C142800EF4228 /* ObjectifsDetails.swift */ = {isa = PBXFileReference; fileEncoding = 4; lastKnownFileType = sourcecode.swift; path = ObjectifsDetails.swift; sourceTree = "<group>"; };
		6F4D0F20247C145100EF4228 /* HorizontalScrollDays.swift */ = {isa = PBXFileReference; fileEncoding = 4; lastKnownFileType = sourcecode.swift; path = HorizontalScrollDays.swift; sourceTree = "<group>"; };
		6F4D0F22247C185A00EF4228 /* MainPageConseils.swift */ = {isa = PBXFileReference; fileEncoding = 4; lastKnownFileType = sourcecode.swift; path = MainPageConseils.swift; sourceTree = "<group>"; };
		6F4D0F23247C185B00EF4228 /* FiltresViewConseils.swift */ = {isa = PBXFileReference; fileEncoding = 4; lastKnownFileType = sourcecode.swift; path = FiltresViewConseils.swift; sourceTree = "<group>"; };
		6F4D0F24247C185B00EF4228 /* DetailRespirationView.swift */ = {isa = PBXFileReference; fileEncoding = 4; lastKnownFileType = sourcecode.swift; path = DetailRespirationView.swift; sourceTree = "<group>"; };
		6F4D0F25247C185B00EF4228 /* DetailBreadView.swift */ = {isa = PBXFileReference; fileEncoding = 4; lastKnownFileType = sourcecode.swift; path = DetailBreadView.swift; sourceTree = "<group>"; };
		6FF585D824694D4C00B2ABB3 /* TabBar.swift */ = {isa = PBXFileReference; lastKnownFileType = sourcecode.swift; path = TabBar.swift; sourceTree = "<group>"; };
		8D0884C7246B428A0030DD9A /* Logoplayer.swift */ = {isa = PBXFileReference; lastKnownFileType = sourcecode.swift; path = Logoplayer.swift; sourceTree = "<group>"; };
		8D0884C9246B50C30030DD9A /* Triangle.swift */ = {isa = PBXFileReference; lastKnownFileType = sourcecode.swift; path = Triangle.swift; sourceTree = "<group>"; };
		8D0884CB246B58CB0030DD9A /* RoundedCorners.swift */ = {isa = PBXFileReference; lastKnownFileType = sourcecode.swift; path = RoundedCorners.swift; sourceTree = "<group>"; };
		8D0884CD246B69120030DD9A /* GetVideoLive.swift */ = {isa = PBXFileReference; lastKnownFileType = sourcecode.swift; path = GetVideoLive.swift; sourceTree = "<group>"; };
		8D0884D1246C0B970030DD9A /* GetVideoPassed.swift */ = {isa = PBXFileReference; lastKnownFileType = sourcecode.swift; path = GetVideoPassed.swift; sourceTree = "<group>"; };
		8D0884D8246C3FDB0030DD9A /* GridStack.swift */ = {isa = PBXFileReference; lastKnownFileType = sourcecode.swift; path = GridStack.swift; sourceTree = "<group>"; };
		8D0884DA246C41B80030DD9A /* VideopassedView.swift */ = {isa = PBXFileReference; lastKnownFileType = sourcecode.swift; path = VideopassedView.swift; sourceTree = "<group>"; };
		8D0884DC246C64CC0030DD9A /* videoPlanView.swift */ = {isa = PBXFileReference; lastKnownFileType = sourcecode.swift; path = videoPlanView.swift; sourceTree = "<group>"; };
		8D0884E0246C9ED40030DD9A /* CreationPlayer.swift */ = {isa = PBXFileReference; lastKnownFileType = sourcecode.swift; path = CreationPlayer.swift; sourceTree = "<group>"; };
		8D0884E2246CA4A90030DD9A /* VideoPlayerView.swift */ = {isa = PBXFileReference; lastKnownFileType = sourcecode.swift; path = VideoPlayerView.swift; sourceTree = "<group>"; };
		8D3F564D2477DE41001BC4B2 /* CommentVideo.swift */ = {isa = PBXFileReference; lastKnownFileType = sourcecode.swift; path = CommentVideo.swift; sourceTree = "<group>"; };
		8D427639246AA4110099D011 /* UrlVideo.swift */ = {isa = PBXFileReference; lastKnownFileType = sourcecode.swift; path = UrlVideo.swift; sourceTree = "<group>"; };
		8D42763D246AE7570099D011 /* VideoView.swift */ = {isa = PBXFileReference; lastKnownFileType = sourcecode.swift; path = VideoView.swift; sourceTree = "<group>"; };
		8D427641246AEC1E0099D011 /* TitleCategories.swift */ = {isa = PBXFileReference; lastKnownFileType = sourcecode.swift; path = TitleCategories.swift; sourceTree = "<group>"; };
		8D4635972478A3AB0077A8C3 /* Player.swift */ = {isa = PBXFileReference; lastKnownFileType = sourcecode.swift; path = Player.swift; sourceTree = "<group>"; };
		8D55BDD22469908000026353 /* PageVideo.swift */ = {isa = PBXFileReference; lastKnownFileType = sourcecode.swift; path = PageVideo.swift; sourceTree = "<group>"; };
/* End PBXFileReference section */

/* Begin PBXFrameworksBuildPhase section */
		5C94F8302464320B001185F1 /* Frameworks */ = {
			isa = PBXFrameworksBuildPhase;
			buildActionMask = 2147483647;
			files = (
			);
			runOnlyForDeploymentPostprocessing = 0;
		};
		5C94F8492464320C001185F1 /* Frameworks */ = {
			isa = PBXFrameworksBuildPhase;
			buildActionMask = 2147483647;
			files = (
			);
			runOnlyForDeploymentPostprocessing = 0;
		};
		5C94F8542464320C001185F1 /* Frameworks */ = {
			isa = PBXFrameworksBuildPhase;
			buildActionMask = 2147483647;
			files = (
			);
			runOnlyForDeploymentPostprocessing = 0;
		};
/* End PBXFrameworksBuildPhase section */

/* Begin PBXGroup section */
		5C06BECB246944B5002B85B2 /* Models */ = {
			isa = PBXGroup;
			children = (
				5CDA2BEE247D326700A40356 /* SimpleButton.swift */,
				6F4D0F1C247C142800EF4228 /* ObjectifsDetails.swift */,
				8D427639246AA4110099D011 /* UrlVideo.swift */,
				8D3F564D2477DE41001BC4B2 /* CommentVideo.swift */,
			);
			path = Models;
			sourceTree = "<group>";
		};
		5C06BECD246944E4002B85B2 /* Views */ = {
			isa = PBXGroup;
			children = (
				0270B11E246C2F5700A6AE1C /* ProfilView.swift */,
				5CDA2BF0247D326700A40356 /* Bilan.swift */,
				5CDA2BED247D326700A40356 /* ChoiceBilan.swift */,
				5CDA2BEF247D326700A40356 /* ChoicesBilan.swift */,
				02287FBD247BEC4200C7C530 /* HistoryLive.swift */,
				6F4D0F1A247C13FF00EF4228 /* MainPageObjectifs.swift */,
				6F4D0F20247C145100EF4228 /* HorizontalScrollDays.swift */,
				6F4D0F25247C185B00EF4228 /* DetailBreadView.swift */,
				6F4D0F24247C185B00EF4228 /* DetailRespirationView.swift */,
				6F4D0F23247C185B00EF4228 /* FiltresViewConseils.swift */,
				6F4D0F22247C185A00EF4228 /* MainPageConseils.swift */,
				6F29B450247D91E100412327 /* Conseils */,
				8DA094D8247CFEEB00A8B0D0 /* utilty */,
				8D0884DE246C9DE10030DD9A /* PlayerVideoView */,
				8D0884D3246C0CE30030DD9A /* PassedVideoView */,
				8D55BDD12469903E00026353 /* LiveView */,
				8D0884DC246C64CC0030DD9A /* videoPlanView.swift */,
				8D55BDD22469908000026353 /* PageVideo.swift */,
			);
			path = Views;
			sourceTree = "<group>";
		};
		5C94F82A2464320B001185F1 = {
			isa = PBXGroup;
			children = (
				5C94F8352464320B001185F1 /* Su-na */,
				5C94F84F2464320C001185F1 /* Su-naTests */,
				5C94F85A2464320C001185F1 /* Su-naUITests */,
				5C94F8342464320B001185F1 /* Products */,
			);
			sourceTree = "<group>";
		};
		5C94F8342464320B001185F1 /* Products */ = {
			isa = PBXGroup;
			children = (
				5C94F8332464320B001185F1 /* Su-na.app */,
				5C94F84C2464320C001185F1 /* Su-naTests.xctest */,
				5C94F8572464320C001185F1 /* Su-naUITests.xctest */,
			);
			name = Products;
			sourceTree = "<group>";
		};
		5C94F8352464320B001185F1 /* Su-na */ = {
			isa = PBXGroup;
			children = (
				02C759C4247D0A6B00D80210 /* AppDelegate.swift */,
				5C06BECD246944E4002B85B2 /* Views */,
				5C06BECB246944B5002B85B2 /* Models */,
				6FF585D824694D4C00B2ABB3 /* TabBar.swift */,
				5C94F8382464320B001185F1 /* SceneDelegate.swift */,
				5C94F83D2464320B001185F1 /* ContentView.swift */,
				5C94F83F2464320C001185F1 /* Assets.xcassets */,
				5C94F8442464320C001185F1 /* LaunchScreen.storyboard */,
				5C94F8472464320C001185F1 /* Info.plist */,
				5C94F83A2464320B001185F1 /* Su_na.xcdatamodeld */,
				5C94F8412464320C001185F1 /* Preview Content */,
			);
			path = "Su-na";
			sourceTree = "<group>";
		};
		5C94F8412464320C001185F1 /* Preview Content */ = {
			isa = PBXGroup;
			children = (
				5C94F8422464320C001185F1 /* Preview Assets.xcassets */,
			);
			path = "Preview Content";
			sourceTree = "<group>";
		};
		5C94F84F2464320C001185F1 /* Su-naTests */ = {
			isa = PBXGroup;
			children = (
				5C94F8502464320C001185F1 /* Su_naTests.swift */,
				5C94F8522464320C001185F1 /* Info.plist */,
			);
			path = "Su-naTests";
			sourceTree = "<group>";
		};
		5C94F85A2464320C001185F1 /* Su-naUITests */ = {
			isa = PBXGroup;
			children = (
				5C94F85B2464320C001185F1 /* Su_naUITests.swift */,
				5C94F85D2464320C001185F1 /* Info.plist */,
			);
			path = "Su-naUITests";
			sourceTree = "<group>";
		};
		6F29B450247D91E100412327 /* Conseils */ = {
			isa = PBXGroup;
			children = (
				6F29B451247D922900412327 /* ListConseilsAlimentation.swift */,
				6F29B453247D92C700412327 /* ListeConseilsStress.swift */,
				6F29B455247D930F00412327 /* ListConseilsSport.swift */,
			);
			path = Conseils;
			sourceTree = "<group>";
		};
		8D0884D3246C0CE30030DD9A /* PassedVideoView */ = {
			isa = PBXGroup;
			children = (
				8D0884D1246C0B970030DD9A /* GetVideoPassed.swift */,
				8D0884C9246B50C30030DD9A /* Triangle.swift */,
				8D0884DA246C41B80030DD9A /* VideopassedView.swift */,
			);
			path = PassedVideoView;
			sourceTree = "<group>";
		};
		8D0884DE246C9DE10030DD9A /* PlayerVideoView */ = {
			isa = PBXGroup;
			children = (
				8D0884E2246CA4A90030DD9A /* VideoPlayerView.swift */,
			);
			path = PlayerVideoView;
			sourceTree = "<group>";
		};
		8D55BDD12469903E00026353 /* LiveView */ = {
			isa = PBXGroup;
			children = (
				8D0884CD246B69120030DD9A /* GetVideoLive.swift */,
				8D42763D246AE7570099D011 /* VideoView.swift */,
				8D427641246AEC1E0099D011 /* TitleCategories.swift */,
				8D0884C7246B428A0030DD9A /* Logoplayer.swift */,
			);
			path = LiveView;
			sourceTree = "<group>";
		};
		8DA094D8247CFEEB00A8B0D0 /* utilty */ = {
			isa = PBXGroup;
			children = (
				8D4635972478A3AB0077A8C3 /* Player.swift */,
				8D0884E0246C9ED40030DD9A /* CreationPlayer.swift */,
				8D0884CB246B58CB0030DD9A /* RoundedCorners.swift */,
				8D0884D8246C3FDB0030DD9A /* GridStack.swift */,
			);
			path = utilty;
			sourceTree = "<group>";
		};
/* End PBXGroup section */

/* Begin PBXNativeTarget section */
		5C94F8322464320B001185F1 /* Su-na */ = {
			isa = PBXNativeTarget;
			buildConfigurationList = 5C94F8602464320C001185F1 /* Build configuration list for PBXNativeTarget "Su-na" */;
			buildPhases = (
				5C94F82F2464320B001185F1 /* Sources */,
				5C94F8302464320B001185F1 /* Frameworks */,
				5C94F8312464320B001185F1 /* Resources */,
			);
			buildRules = (
			);
			dependencies = (
			);
			name = "Su-na";
			productName = "Su-na";
			productReference = 5C94F8332464320B001185F1 /* Su-na.app */;
			productType = "com.apple.product-type.application";
		};
		5C94F84B2464320C001185F1 /* Su-naTests */ = {
			isa = PBXNativeTarget;
			buildConfigurationList = 5C94F8632464320C001185F1 /* Build configuration list for PBXNativeTarget "Su-naTests" */;
			buildPhases = (
				5C94F8482464320C001185F1 /* Sources */,
				5C94F8492464320C001185F1 /* Frameworks */,
				5C94F84A2464320C001185F1 /* Resources */,
			);
			buildRules = (
			);
			dependencies = (
				5C94F84E2464320C001185F1 /* PBXTargetDependency */,
			);
			name = "Su-naTests";
			productName = "Su-naTests";
			productReference = 5C94F84C2464320C001185F1 /* Su-naTests.xctest */;
			productType = "com.apple.product-type.bundle.unit-test";
		};
		5C94F8562464320C001185F1 /* Su-naUITests */ = {
			isa = PBXNativeTarget;
			buildConfigurationList = 5C94F8662464320C001185F1 /* Build configuration list for PBXNativeTarget "Su-naUITests" */;
			buildPhases = (
				5C94F8532464320C001185F1 /* Sources */,
				5C94F8542464320C001185F1 /* Frameworks */,
				5C94F8552464320C001185F1 /* Resources */,
			);
			buildRules = (
			);
			dependencies = (
				5C94F8592464320C001185F1 /* PBXTargetDependency */,
			);
			name = "Su-naUITests";
			productName = "Su-naUITests";
			productReference = 5C94F8572464320C001185F1 /* Su-naUITests.xctest */;
			productType = "com.apple.product-type.bundle.ui-testing";
		};
/* End PBXNativeTarget section */

/* Begin PBXProject section */
		5C94F82B2464320B001185F1 /* Project object */ = {
			isa = PBXProject;
			attributes = {
				LastSwiftUpdateCheck = 1140;
				LastUpgradeCheck = 1140;
				ORGANIZATIONNAME = "PARENT François";
				TargetAttributes = {
					5C94F8322464320B001185F1 = {
						CreatedOnToolsVersion = 11.4.1;
					};
					5C94F84B2464320C001185F1 = {
						CreatedOnToolsVersion = 11.4.1;
						TestTargetID = 5C94F8322464320B001185F1;
					};
					5C94F8562464320C001185F1 = {
						CreatedOnToolsVersion = 11.4.1;
						TestTargetID = 5C94F8322464320B001185F1;
					};
				};
			};
			buildConfigurationList = 5C94F82E2464320B001185F1 /* Build configuration list for PBXProject "Su-na" */;
			compatibilityVersion = "Xcode 9.3";
			developmentRegion = en;
			hasScannedForEncodings = 0;
			knownRegions = (
				en,
				Base,
			);
			mainGroup = 5C94F82A2464320B001185F1;
			productRefGroup = 5C94F8342464320B001185F1 /* Products */;
			projectDirPath = "";
			projectRoot = "";
			targets = (
				5C94F8322464320B001185F1 /* Su-na */,
				5C94F84B2464320C001185F1 /* Su-naTests */,
				5C94F8562464320C001185F1 /* Su-naUITests */,
			);
		};
/* End PBXProject section */

/* Begin PBXResourcesBuildPhase section */
		5C94F8312464320B001185F1 /* Resources */ = {
			isa = PBXResourcesBuildPhase;
			buildActionMask = 2147483647;
			files = (
				5C94F8462464320C001185F1 /* LaunchScreen.storyboard in Resources */,
				5C94F8432464320C001185F1 /* Preview Assets.xcassets in Resources */,
				5C94F8402464320C001185F1 /* Assets.xcassets in Resources */,
			);
			runOnlyForDeploymentPostprocessing = 0;
		};
		5C94F84A2464320C001185F1 /* Resources */ = {
			isa = PBXResourcesBuildPhase;
			buildActionMask = 2147483647;
			files = (
			);
			runOnlyForDeploymentPostprocessing = 0;
		};
		5C94F8552464320C001185F1 /* Resources */ = {
			isa = PBXResourcesBuildPhase;
			buildActionMask = 2147483647;
			files = (
			);
			runOnlyForDeploymentPostprocessing = 0;
		};
/* End PBXResourcesBuildPhase section */

/* Begin PBXSourcesBuildPhase section */
		5C94F82F2464320B001185F1 /* Sources */ = {
			isa = PBXSourcesBuildPhase;
			buildActionMask = 2147483647;
			files = (
				02287FBE247BEC4200C7C530 /* HistoryLive.swift in Sources */,
				0270B11F246C2F5700A6AE1C /* ProfilView.swift in Sources */,
				8D4635982478A3AB0077A8C3 /* Player.swift in Sources */,
				6F4D0F26247C185B00EF4228 /* MainPageConseils.swift in Sources */,
				02C759C5247D0A6C00D80210 /* AppDelegate.swift in Sources */,
				6F4D0F21247C145100EF4228 /* HorizontalScrollDays.swift in Sources */,
				8D0884D9246C3FDB0030DD9A /* GridStack.swift in Sources */,
				6F29B452247D922900412327 /* ListConseilsAlimentation.swift in Sources */,
				8D0884DB246C41B80030DD9A /* VideopassedView.swift in Sources */,
				8D0884DD246C64CC0030DD9A /* videoPlanView.swift in Sources */,
				5CDA2BF3247D326700A40356 /* ChoicesBilan.swift in Sources */,
				8D0884CE246B69120030DD9A /* GetVideoLive.swift in Sources */,
				8D0884C8246B428A0030DD9A /* Logoplayer.swift in Sources */,
				5CDA2BF4247D326700A40356 /* Bilan.swift in Sources */,
				8D0884D2246C0B970030DD9A /* GetVideoPassed.swift in Sources */,
				6F29B454247D92C700412327 /* ListeConseilsStress.swift in Sources */,
				02C759C3247D09BA00D80210 /* SceneDelegate.swift in Sources */,
				6F4D0F1D247C142800EF4228 /* ObjectifsDetails.swift in Sources */,
				6F4D0F1B247C13FF00EF4228 /* MainPageObjectifs.swift in Sources */,
				6F29B456247D930F00412327 /* ListConseilsSport.swift in Sources */,
				8D3F564E2477DE41001BC4B2 /* CommentVideo.swift in Sources */,
				8D42763A246AA4110099D011 /* UrlVideo.swift in Sources */,
				8D0884CA246B50C30030DD9A /* Triangle.swift in Sources */,
				5CDA2BF1247D326700A40356 /* ChoiceBilan.swift in Sources */,
				6F4D0F27247C185B00EF4228 /* FiltresViewConseils.swift in Sources */,
				6F4D0F28247C185B00EF4228 /* DetailRespirationView.swift in Sources */,
				6F4D0F29247C185B00EF4228 /* DetailBreadView.swift in Sources */,
				6F44668C247E4EBA00A0D20B /* TabBar.swift in Sources */,
				5C94F83E2464320B001185F1 /* ContentView.swift in Sources */,
				8D0884CC246B58CB0030DD9A /* RoundedCorners.swift in Sources */,
				8D0884E1246C9ED40030DD9A /* CreationPlayer.swift in Sources */,
				8D427642246AEC1E0099D011 /* TitleCategories.swift in Sources */,
				8D42763E246AE7570099D011 /* VideoView.swift in Sources */,
				8D55BDD32469908000026353 /* PageVideo.swift in Sources */,
				8D0884E3246CA4A90030DD9A /* VideoPlayerView.swift in Sources */,
				5CDA2BF2247D326700A40356 /* SimpleButton.swift in Sources */,
			);
			runOnlyForDeploymentPostprocessing = 0;
		};
		5C94F8482464320C001185F1 /* Sources */ = {
			isa = PBXSourcesBuildPhase;
			buildActionMask = 2147483647;
			files = (
				5C94F8512464320C001185F1 /* Su_naTests.swift in Sources */,
			);
			runOnlyForDeploymentPostprocessing = 0;
		};
		5C94F8532464320C001185F1 /* Sources */ = {
			isa = PBXSourcesBuildPhase;
			buildActionMask = 2147483647;
			files = (
				5C94F85C2464320C001185F1 /* Su_naUITests.swift in Sources */,
			);
			runOnlyForDeploymentPostprocessing = 0;
		};
/* End PBXSourcesBuildPhase section */

/* Begin PBXTargetDependency section */
		5C94F84E2464320C001185F1 /* PBXTargetDependency */ = {
			isa = PBXTargetDependency;
			target = 5C94F8322464320B001185F1 /* Su-na */;
			targetProxy = 5C94F84D2464320C001185F1 /* PBXContainerItemProxy */;
		};
		5C94F8592464320C001185F1 /* PBXTargetDependency */ = {
			isa = PBXTargetDependency;
			target = 5C94F8322464320B001185F1 /* Su-na */;
			targetProxy = 5C94F8582464320C001185F1 /* PBXContainerItemProxy */;
		};
/* End PBXTargetDependency section */

/* Begin PBXVariantGroup section */
		5C94F8442464320C001185F1 /* LaunchScreen.storyboard */ = {
			isa = PBXVariantGroup;
			children = (
				5C94F8452464320C001185F1 /* Base */,
			);
			name = LaunchScreen.storyboard;
			sourceTree = "<group>";
		};
/* End PBXVariantGroup section */

/* Begin XCBuildConfiguration section */
		5C94F85E2464320C001185F1 /* Debug */ = {
			isa = XCBuildConfiguration;
			buildSettings = {
				ALWAYS_SEARCH_USER_PATHS = NO;
				CLANG_ANALYZER_NONNULL = YES;
				CLANG_ANALYZER_NUMBER_OBJECT_CONVERSION = YES_AGGRESSIVE;
				CLANG_CXX_LANGUAGE_STANDARD = "gnu++14";
				CLANG_CXX_LIBRARY = "libc++";
				CLANG_ENABLE_MODULES = YES;
				CLANG_ENABLE_OBJC_ARC = YES;
				CLANG_ENABLE_OBJC_WEAK = YES;
				CLANG_WARN_BLOCK_CAPTURE_AUTORELEASING = YES;
				CLANG_WARN_BOOL_CONVERSION = YES;
				CLANG_WARN_COMMA = YES;
				CLANG_WARN_CONSTANT_CONVERSION = YES;
				CLANG_WARN_DEPRECATED_OBJC_IMPLEMENTATIONS = YES;
				CLANG_WARN_DIRECT_OBJC_ISA_USAGE = YES_ERROR;
				CLANG_WARN_DOCUMENTATION_COMMENTS = YES;
				CLANG_WARN_EMPTY_BODY = YES;
				CLANG_WARN_ENUM_CONVERSION = YES;
				CLANG_WARN_INFINITE_RECURSION = YES;
				CLANG_WARN_INT_CONVERSION = YES;
				CLANG_WARN_NON_LITERAL_NULL_CONVERSION = YES;
				CLANG_WARN_OBJC_IMPLICIT_RETAIN_SELF = YES;
				CLANG_WARN_OBJC_LITERAL_CONVERSION = YES;
				CLANG_WARN_OBJC_ROOT_CLASS = YES_ERROR;
				CLANG_WARN_RANGE_LOOP_ANALYSIS = YES;
				CLANG_WARN_STRICT_PROTOTYPES = YES;
				CLANG_WARN_SUSPICIOUS_MOVE = YES;
				CLANG_WARN_UNGUARDED_AVAILABILITY = YES_AGGRESSIVE;
				CLANG_WARN_UNREACHABLE_CODE = YES;
				CLANG_WARN__DUPLICATE_METHOD_MATCH = YES;
				COPY_PHASE_STRIP = NO;
				DEBUG_INFORMATION_FORMAT = dwarf;
				ENABLE_STRICT_OBJC_MSGSEND = YES;
				ENABLE_TESTABILITY = YES;
				GCC_C_LANGUAGE_STANDARD = gnu11;
				GCC_DYNAMIC_NO_PIC = NO;
				GCC_NO_COMMON_BLOCKS = YES;
				GCC_OPTIMIZATION_LEVEL = 0;
				GCC_PREPROCESSOR_DEFINITIONS = (
					"DEBUG=1",
					"$(inherited)",
				);
				GCC_WARN_64_TO_32_BIT_CONVERSION = YES;
				GCC_WARN_ABOUT_RETURN_TYPE = YES_ERROR;
				GCC_WARN_UNDECLARED_SELECTOR = YES;
				GCC_WARN_UNINITIALIZED_AUTOS = YES_AGGRESSIVE;
				GCC_WARN_UNUSED_FUNCTION = YES;
				GCC_WARN_UNUSED_VARIABLE = YES;
				IPHONEOS_DEPLOYMENT_TARGET = 13.4;
				MTL_ENABLE_DEBUG_INFO = INCLUDE_SOURCE;
				MTL_FAST_MATH = YES;
				ONLY_ACTIVE_ARCH = YES;
				SDKROOT = iphoneos;
				SWIFT_ACTIVE_COMPILATION_CONDITIONS = DEBUG;
				SWIFT_OPTIMIZATION_LEVEL = "-Onone";
			};
			name = Debug;
		};
		5C94F85F2464320C001185F1 /* Release */ = {
			isa = XCBuildConfiguration;
			buildSettings = {
				ALWAYS_SEARCH_USER_PATHS = NO;
				CLANG_ANALYZER_NONNULL = YES;
				CLANG_ANALYZER_NUMBER_OBJECT_CONVERSION = YES_AGGRESSIVE;
				CLANG_CXX_LANGUAGE_STANDARD = "gnu++14";
				CLANG_CXX_LIBRARY = "libc++";
				CLANG_ENABLE_MODULES = YES;
				CLANG_ENABLE_OBJC_ARC = YES;
				CLANG_ENABLE_OBJC_WEAK = YES;
				CLANG_WARN_BLOCK_CAPTURE_AUTORELEASING = YES;
				CLANG_WARN_BOOL_CONVERSION = YES;
				CLANG_WARN_COMMA = YES;
				CLANG_WARN_CONSTANT_CONVERSION = YES;
				CLANG_WARN_DEPRECATED_OBJC_IMPLEMENTATIONS = YES;
				CLANG_WARN_DIRECT_OBJC_ISA_USAGE = YES_ERROR;
				CLANG_WARN_DOCUMENTATION_COMMENTS = YES;
				CLANG_WARN_EMPTY_BODY = YES;
				CLANG_WARN_ENUM_CONVERSION = YES;
				CLANG_WARN_INFINITE_RECURSION = YES;
				CLANG_WARN_INT_CONVERSION = YES;
				CLANG_WARN_NON_LITERAL_NULL_CONVERSION = YES;
				CLANG_WARN_OBJC_IMPLICIT_RETAIN_SELF = YES;
				CLANG_WARN_OBJC_LITERAL_CONVERSION = YES;
				CLANG_WARN_OBJC_ROOT_CLASS = YES_ERROR;
				CLANG_WARN_RANGE_LOOP_ANALYSIS = YES;
				CLANG_WARN_STRICT_PROTOTYPES = YES;
				CLANG_WARN_SUSPICIOUS_MOVE = YES;
				CLANG_WARN_UNGUARDED_AVAILABILITY = YES_AGGRESSIVE;
				CLANG_WARN_UNREACHABLE_CODE = YES;
				CLANG_WARN__DUPLICATE_METHOD_MATCH = YES;
				COPY_PHASE_STRIP = NO;
				DEBUG_INFORMATION_FORMAT = "dwarf-with-dsym";
				ENABLE_NS_ASSERTIONS = NO;
				ENABLE_STRICT_OBJC_MSGSEND = YES;
				GCC_C_LANGUAGE_STANDARD = gnu11;
				GCC_NO_COMMON_BLOCKS = YES;
				GCC_WARN_64_TO_32_BIT_CONVERSION = YES;
				GCC_WARN_ABOUT_RETURN_TYPE = YES_ERROR;
				GCC_WARN_UNDECLARED_SELECTOR = YES;
				GCC_WARN_UNINITIALIZED_AUTOS = YES_AGGRESSIVE;
				GCC_WARN_UNUSED_FUNCTION = YES;
				GCC_WARN_UNUSED_VARIABLE = YES;
				IPHONEOS_DEPLOYMENT_TARGET = 13.4;
				MTL_ENABLE_DEBUG_INFO = NO;
				MTL_FAST_MATH = YES;
				SDKROOT = iphoneos;
				SWIFT_COMPILATION_MODE = wholemodule;
				SWIFT_OPTIMIZATION_LEVEL = "-O";
				VALIDATE_PRODUCT = YES;
			};
			name = Release;
		};
		5C94F8612464320C001185F1 /* Debug */ = {
			isa = XCBuildConfiguration;
			buildSettings = {
				ASSETCATALOG_COMPILER_APPICON_NAME = AppIcon;
				CODE_SIGN_STYLE = Automatic;
				DEVELOPMENT_ASSET_PATHS = "\"Su-na/Preview Content\"";
				DEVELOPMENT_TEAM = 8GVS7NG5KV;
				ENABLE_PREVIEWS = YES;
				INFOPLIST_FILE = "Su-na/Info.plist";
				LD_RUNPATH_SEARCH_PATHS = (
					"$(inherited)",
					"@executable_path/Frameworks",
				);
				PRODUCT_BUNDLE_IDENTIFIER = "com.alic.Su-na";
				PRODUCT_NAME = "$(TARGET_NAME)";
				SWIFT_VERSION = 5.0;
				TARGETED_DEVICE_FAMILY = "1,2";
			};
			name = Debug;
		};
		5C94F8622464320C001185F1 /* Release */ = {
			isa = XCBuildConfiguration;
			buildSettings = {
				ASSETCATALOG_COMPILER_APPICON_NAME = AppIcon;
				CODE_SIGN_STYLE = Automatic;
				DEVELOPMENT_ASSET_PATHS = "\"Su-na/Preview Content\"";
				DEVELOPMENT_TEAM = 8GVS7NG5KV;
				ENABLE_PREVIEWS = YES;
				INFOPLIST_FILE = "Su-na/Info.plist";
				LD_RUNPATH_SEARCH_PATHS = (
					"$(inherited)",
					"@executable_path/Frameworks",
				);
				PRODUCT_BUNDLE_IDENTIFIER = "com.alic.Su-na";
				PRODUCT_NAME = "$(TARGET_NAME)";
				SWIFT_VERSION = 5.0;
				TARGETED_DEVICE_FAMILY = "1,2";
			};
			name = Release;
		};
		5C94F8642464320C001185F1 /* Debug */ = {
			isa = XCBuildConfiguration;
			buildSettings = {
				ALWAYS_EMBED_SWIFT_STANDARD_LIBRARIES = YES;
				BUNDLE_LOADER = "$(TEST_HOST)";
				CODE_SIGN_STYLE = Automatic;
				DEVELOPMENT_TEAM = 5SHNF6D2A9;
				INFOPLIST_FILE = "Su-naTests/Info.plist";
				IPHONEOS_DEPLOYMENT_TARGET = 13.4;
				LD_RUNPATH_SEARCH_PATHS = (
					"$(inherited)",
					"@executable_path/Frameworks",
					"@loader_path/Frameworks",
				);
				PRODUCT_BUNDLE_IDENTIFIER = "com.Franc-oisDParent.Su-naTests";
				PRODUCT_NAME = "$(TARGET_NAME)";
				SWIFT_VERSION = 5.0;
				TARGETED_DEVICE_FAMILY = "1,2";
				TEST_HOST = "$(BUILT_PRODUCTS_DIR)/Su-na.app/Su-na";
			};
			name = Debug;
		};
		5C94F8652464320C001185F1 /* Release */ = {
			isa = XCBuildConfiguration;
			buildSettings = {
				ALWAYS_EMBED_SWIFT_STANDARD_LIBRARIES = YES;
				BUNDLE_LOADER = "$(TEST_HOST)";
				CODE_SIGN_STYLE = Automatic;
				DEVELOPMENT_TEAM = 5SHNF6D2A9;
				INFOPLIST_FILE = "Su-naTests/Info.plist";
				IPHONEOS_DEPLOYMENT_TARGET = 13.4;
				LD_RUNPATH_SEARCH_PATHS = (
					"$(inherited)",
					"@executable_path/Frameworks",
					"@loader_path/Frameworks",
				);
				PRODUCT_BUNDLE_IDENTIFIER = "com.Franc-oisDParent.Su-naTests";
				PRODUCT_NAME = "$(TARGET_NAME)";
				SWIFT_VERSION = 5.0;
				TARGETED_DEVICE_FAMILY = "1,2";
				TEST_HOST = "$(BUILT_PRODUCTS_DIR)/Su-na.app/Su-na";
			};
			name = Release;
		};
		5C94F8672464320C001185F1 /* Debug */ = {
			isa = XCBuildConfiguration;
			buildSettings = {
				ALWAYS_EMBED_SWIFT_STANDARD_LIBRARIES = YES;
				CODE_SIGN_STYLE = Automatic;
				DEVELOPMENT_TEAM = 5SHNF6D2A9;
				INFOPLIST_FILE = "Su-naUITests/Info.plist";
				LD_RUNPATH_SEARCH_PATHS = (
					"$(inherited)",
					"@executable_path/Frameworks",
					"@loader_path/Frameworks",
				);
				PRODUCT_BUNDLE_IDENTIFIER = "com.Franc-oisDParent.Su-naUITests";
				PRODUCT_NAME = "$(TARGET_NAME)";
				SWIFT_VERSION = 5.0;
				TARGETED_DEVICE_FAMILY = "1,2";
				TEST_TARGET_NAME = "Su-na";
			};
			name = Debug;
		};
		5C94F8682464320C001185F1 /* Release */ = {
			isa = XCBuildConfiguration;
			buildSettings = {
				ALWAYS_EMBED_SWIFT_STANDARD_LIBRARIES = YES;
				CODE_SIGN_STYLE = Automatic;
				DEVELOPMENT_TEAM = 5SHNF6D2A9;
				INFOPLIST_FILE = "Su-naUITests/Info.plist";
				LD_RUNPATH_SEARCH_PATHS = (
					"$(inherited)",
					"@executable_path/Frameworks",
					"@loader_path/Frameworks",
				);
				PRODUCT_BUNDLE_IDENTIFIER = "com.Franc-oisDParent.Su-naUITests";
				PRODUCT_NAME = "$(TARGET_NAME)";
				SWIFT_VERSION = 5.0;
				TARGETED_DEVICE_FAMILY = "1,2";
				TEST_TARGET_NAME = "Su-na";
			};
			name = Release;
		};
/* End XCBuildConfiguration section */

/* Begin XCConfigurationList section */
		5C94F82E2464320B001185F1 /* Build configuration list for PBXProject "Su-na" */ = {
			isa = XCConfigurationList;
			buildConfigurations = (
				5C94F85E2464320C001185F1 /* Debug */,
				5C94F85F2464320C001185F1 /* Release */,
			);
			defaultConfigurationIsVisible = 0;
			defaultConfigurationName = Release;
		};
		5C94F8602464320C001185F1 /* Build configuration list for PBXNativeTarget "Su-na" */ = {
			isa = XCConfigurationList;
			buildConfigurations = (
				5C94F8612464320C001185F1 /* Debug */,
				5C94F8622464320C001185F1 /* Release */,
			);
			defaultConfigurationIsVisible = 0;
			defaultConfigurationName = Release;
		};
		5C94F8632464320C001185F1 /* Build configuration list for PBXNativeTarget "Su-naTests" */ = {
			isa = XCConfigurationList;
			buildConfigurations = (
				5C94F8642464320C001185F1 /* Debug */,
				5C94F8652464320C001185F1 /* Release */,
			);
			defaultConfigurationIsVisible = 0;
			defaultConfigurationName = Release;
		};
		5C94F8662464320C001185F1 /* Build configuration list for PBXNativeTarget "Su-naUITests" */ = {
			isa = XCConfigurationList;
			buildConfigurations = (
				5C94F8672464320C001185F1 /* Debug */,
				5C94F8682464320C001185F1 /* Release */,
			);
			defaultConfigurationIsVisible = 0;
			defaultConfigurationName = Release;
		};
/* End XCConfigurationList section */

/* Begin XCVersionGroup section */
		5C94F83A2464320B001185F1 /* Su_na.xcdatamodeld */ = {
			isa = XCVersionGroup;
			children = (
				5C94F83B2464320B001185F1 /* Su_na.xcdatamodel */,
			);
			currentVersion = 5C94F83B2464320B001185F1 /* Su_na.xcdatamodel */;
			path = Su_na.xcdatamodeld;
			sourceTree = "<group>";
			versionGroupType = wrapper.xcdatamodel;
		};
/* End XCVersionGroup section */
	};
	rootObject = 5C94F82B2464320B001185F1 /* Project object */;
}
